Microsoft Visual Studio Solution File, Format Version 12.00
# Visual Studio Version 17
VisualStudioVersion = 17.5.2.0
MinimumVisualStudioVersion = 10.0.40219.1
Project("{FAE04EC0-301F-11D3-BF4B-00C04F79EFBC}") = "PaymentProject", "PaymentProject.csproj", "{07F4B6A7-85FC-1690-6FA6-D95966FDE55D}"
EndProject
Global
	GlobalSection(SolutionConfigurationPlatforms) = preSolution
		Debug|Any CPU = Debug|Any CPU
		Release|Any CPU = Release|Any CPU
	EndGlobalSection
	GlobalSection(ProjectConfigurationPlatforms) = postSolution
		{07F4B6A7-85FC-1690-6FA6-D95966FDE55D}.Debug|Any CPU.ActiveCfg = Debug|Any CPU
		{07F4B6A7-85FC-1690-6FA6-D95966FDE55D}.Debug|Any CPU.Build.0 = Debug|Any CPU
		{07F4B6A7-85FC-1690-6FA6-D95966FDE55D}.Release|Any CPU.ActiveCfg = Release|Any CPU
		{07F4B6A7-85FC-1690-6FA6-D95966FDE55D}.Release|Any CPU.Build.0 = Release|Any CPU
	EndGlobalSection
	GlobalSection(SolutionProperties) = preSolution
		HideSolutionNode = FALSE
	EndGlobalSection
	GlobalSection(ExtensibilityGlobals) = postSolution
		SolutionGuid = {A1AE0E69-7A3B-4C91-8396-6A778F723E4B}
	EndGlobalSection
EndGlobal
